// !$*UTF8*$!
{
	archiveVersion = 1;
	classes = {
	};
	objectVersion = 56;
	objects = {

/* Begin PBXBuildFile section */
		A14F74432BAB59CE00B629B4 /* LogInController.swift in Sources */ = {isa = PBXBuildFile; fileRef = A14F74422BAB59CE00B629B4 /* LogInController.swift */; };
		A14F74472BAB87BF00B629B4 /* CustomCollectionViewCell.swift in Sources */ = {isa = PBXBuildFile; fileRef = A14F74462BAB87BF00B629B4 /* CustomCollectionViewCell.swift */; };
		A14F74492BAB882A00B629B4 /* HomePageController.swift in Sources */ = {isa = PBXBuildFile; fileRef = A14F74482BAB882A00B629B4 /* HomePageController.swift */; };
		A14F744E2BAB9B8300B629B4 /* ArticlesItemsController.swift in Sources */ = {isa = PBXBuildFile; fileRef = A14F744C2BAB9B8300B629B4 /* ArticlesItemsController.swift */; };
		A14F744F2BAB9B8300B629B4 /* ArticlesItemsController.xib in Resources */ = {isa = PBXBuildFile; fileRef = A14F744D2BAB9B8300B629B4 /* ArticlesItemsController.xib */; };
		A14F74512BABA15F00B629B4 /* ArticlesPageViewController.swift in Sources */ = {isa = PBXBuildFile; fileRef = A14F74502BABA15F00B629B4 /* ArticlesPageViewController.swift */; };
		A176207B2BA8DA3400A3A177 /* RoundedSquare.xib in Resources */ = {isa = PBXBuildFile; fileRef = A176207A2BA8DA3400A3A177 /* RoundedSquare.xib */; };
		A17E12D02BA3CAE4007760B7 /* AppDelegate.swift in Sources */ = {isa = PBXBuildFile; fileRef = A17E12CF2BA3CAE4007760B7 /* AppDelegate.swift */; };
		A17E12D22BA3CAE4007760B7 /* SceneDelegate.swift in Sources */ = {isa = PBXBuildFile; fileRef = A17E12D12BA3CAE4007760B7 /* SceneDelegate.swift */; };
		A17E12D42BA3CAE4007760B7 /* CustomPageViewController.swift in Sources */ = {isa = PBXBuildFile; fileRef = A17E12D32BA3CAE4007760B7 /* CustomPageViewController.swift */; };
		A17E12D72BA3CAE4007760B7 /* Base in Resources */ = {isa = PBXBuildFile; fileRef = A17E12D62BA3CAE4007760B7 /* Base */; };
		A17E12DA2BA3CAE4007760B7 /* Kcal.xcdatamodeld in Sources */ = {isa = PBXBuildFile; fileRef = A17E12D82BA3CAE4007760B7 /* Kcal.xcdatamodeld */; };
		A17E12DC2BA3CAE8007760B7 /* Assets.xcassets in Resources */ = {isa = PBXBuildFile; fileRef = A17E12DB2BA3CAE8007760B7 /* Assets.xcassets */; };
		A17E12DF2BA3CAE8007760B7 /* Base in Resources */ = {isa = PBXBuildFile; fileRef = A17E12DE2BA3CAE8007760B7 /* Base */; };
		A17E12EA2BA3CAE9007760B7 /* KcalTests.swift in Sources */ = {isa = PBXBuildFile; fileRef = A17E12E92BA3CAE9007760B7 /* KcalTests.swift */; };
		A17E12F42BA3CAE9007760B7 /* KcalUITests.swift in Sources */ = {isa = PBXBuildFile; fileRef = A17E12F32BA3CAE9007760B7 /* KcalUITests.swift */; };
		A17E12F62BA3CAE9007760B7 /* KcalUITestsLaunchTests.swift in Sources */ = {isa = PBXBuildFile; fileRef = A17E12F52BA3CAE9007760B7 /* KcalUITestsLaunchTests.swift */; };
		A194452D2BA8B7D3004F7772 /* GettingStartedController.swift in Sources */ = {isa = PBXBuildFile; fileRef = A194452C2BA8B7D3004F7772 /* GettingStartedController.swift */; };
		A1AE93E72BA7B53A00ACC2BF /* PageItemViewController.swift in Sources */ = {isa = PBXBuildFile; fileRef = A1AE93E62BA7B53A00ACC2BF /* PageItemViewController.swift */; };
		A1AE93E92BA7B61C00ACC2BF /* PageContent.swift in Sources */ = {isa = PBXBuildFile; fileRef = A1AE93E82BA7B61C00ACC2BF /* PageContent.swift */; };
		A1BF5EF82BAA122F003BE05A /* SignUpController.swift in Sources */ = {isa = PBXBuildFile; fileRef = A1BF5EF72BAA122F003BE05A /* SignUpController.swift */; };
		A1BF5EFC2BAA5278003BE05A /* WelcomeScreen.xib in Resources */ = {isa = PBXBuildFile; fileRef = A1BF5EFB2BAA5278003BE05A /* WelcomeScreen.xib */; };
		A1DDD7752BA8F34A0036BE26 /* PaddedTextField.swift in Sources */ = {isa = PBXBuildFile; fileRef = A1DDD7742BA8F34A0036BE26 /* PaddedTextField.swift */; };
		A1DEC5082BA65F2E0059FDA7 /* Signika-SemiBold.ttf in Resources */ = {isa = PBXBuildFile; fileRef = A1DEC5032BA65F2D0059FDA7 /* Signika-SemiBold.ttf */; };
		A1DEC5092BA65F2E0059FDA7 /* Signika-Bold.ttf in Resources */ = {isa = PBXBuildFile; fileRef = A1DEC5042BA65F2D0059FDA7 /* Signika-Bold.ttf */; };
		A1DEC50A2BA65F2E0059FDA7 /* Signika-Regular.ttf in Resources */ = {isa = PBXBuildFile; fileRef = A1DEC5052BA65F2D0059FDA7 /* Signika-Regular.ttf */; };
		A1DEC50B2BA65F2E0059FDA7 /* Signika-Medium.ttf in Resources */ = {isa = PBXBuildFile; fileRef = A1DEC5062BA65F2D0059FDA7 /* Signika-Medium.ttf */; };
		A1DEC50C2BA65F2E0059FDA7 /* Signika-Light.ttf in Resources */ = {isa = PBXBuildFile; fileRef = A1DEC5072BA65F2E0059FDA7 /* Signika-Light.ttf */; };
		A1DEC50F2BA65FED0059FDA7 /* Signika-VariableFont_GRAD,wght.ttf in Resources */ = {isa = PBXBuildFile; fileRef = A1DEC50E2BA65FED0059FDA7 /* Signika-VariableFont_GRAD,wght.ttf */; };
		A1FF116C2BA67EF0009EF5C4 /* Constant.swift in Sources */ = {isa = PBXBuildFile; fileRef = A1FF116B2BA67EF0009EF5C4 /* Constant.swift */; };
/* End PBXBuildFile section */

/* Begin PBXContainerItemProxy section */
		A17E12E62BA3CAE9007760B7 /* PBXContainerItemProxy */ = {
			isa = PBXContainerItemProxy;
			containerPortal = A17E12C42BA3CAE4007760B7 /* Project object */;
			proxyType = 1;
			remoteGlobalIDString = A17E12CB2BA3CAE4007760B7;
			remoteInfo = Kcal;
		};
		A17E12F02BA3CAE9007760B7 /* PBXContainerItemProxy */ = {
			isa = PBXContainerItemProxy;
			containerPortal = A17E12C42BA3CAE4007760B7 /* Project object */;
			proxyType = 1;
			remoteGlobalIDString = A17E12CB2BA3CAE4007760B7;
			remoteInfo = Kcal;
		};
/* End PBXContainerItemProxy section */

/* Begin PBXFileReference section */
		A14F74422BAB59CE00B629B4 /* LogInController.swift */ = {isa = PBXFileReference; lastKnownFileType = sourcecode.swift; path = LogInController.swift; sourceTree = "<group>"; };
		A14F74462BAB87BF00B629B4 /* CustomCollectionViewCell.swift */ = {isa = PBXFileReference; fileEncoding = 4; lastKnownFileType = sourcecode.swift; path = CustomCollectionViewCell.swift; sourceTree = "<group>"; };
		A14F74482BAB882A00B629B4 /* HomePageController.swift */ = {isa = PBXFileReference; lastKnownFileType = sourcecode.swift; path = HomePageController.swift; sourceTree = "<group>"; };
		A14F744C2BAB9B8300B629B4 /* ArticlesItemsController.swift */ = {isa = PBXFileReference; lastKnownFileType = sourcecode.swift; path = ArticlesItemsController.swift; sourceTree = "<group>"; };
		A14F744D2BAB9B8300B629B4 /* ArticlesItemsController.xib */ = {isa = PBXFileReference; lastKnownFileType = file.xib; path = ArticlesItemsController.xib; sourceTree = "<group>"; };
		A14F74502BABA15F00B629B4 /* ArticlesPageViewController.swift */ = {isa = PBXFileReference; lastKnownFileType = sourcecode.swift; path = ArticlesPageViewController.swift; sourceTree = "<group>"; };
		A176207A2BA8DA3400A3A177 /* RoundedSquare.xib */ = {isa = PBXFileReference; lastKnownFileType = file.xib; path = RoundedSquare.xib; sourceTree = "<group>"; };
		A17E12CC2BA3CAE4007760B7 /* Kcal.app */ = {isa = PBXFileReference; explicitFileType = wrapper.application; includeInIndex = 0; path = Kcal.app; sourceTree = BUILT_PRODUCTS_DIR; };
		A17E12CF2BA3CAE4007760B7 /* AppDelegate.swift */ = {isa = PBXFileReference; lastKnownFileType = sourcecode.swift; path = AppDelegate.swift; sourceTree = "<group>"; };
		A17E12D12BA3CAE4007760B7 /* SceneDelegate.swift */ = {isa = PBXFileReference; lastKnownFileType = sourcecode.swift; path = SceneDelegate.swift; sourceTree = "<group>"; };
		A17E12D32BA3CAE4007760B7 /* CustomPageViewController.swift */ = {isa = PBXFileReference; lastKnownFileType = sourcecode.swift; path = CustomPageViewController.swift; sourceTree = "<group>"; };
		A17E12D62BA3CAE4007760B7 /* Base */ = {isa = PBXFileReference; lastKnownFileType = file.storyboard; name = Base; path = Base.lproj/Main.storyboard; sourceTree = "<group>"; };
		A17E12D92BA3CAE4007760B7 /* Kcal.xcdatamodel */ = {isa = PBXFileReference; lastKnownFileType = wrapper.xcdatamodel; path = Kcal.xcdatamodel; sourceTree = "<group>"; };
		A17E12DB2BA3CAE8007760B7 /* Assets.xcassets */ = {isa = PBXFileReference; lastKnownFileType = folder.assetcatalog; path = Assets.xcassets; sourceTree = "<group>"; };
		A17E12DE2BA3CAE8007760B7 /* Base */ = {isa = PBXFileReference; lastKnownFileType = file.storyboard; name = Base; path = Base.lproj/LaunchScreen.storyboard; sourceTree = "<group>"; };
		A17E12E02BA3CAE8007760B7 /* Info.plist */ = {isa = PBXFileReference; lastKnownFileType = text.plist.xml; path = Info.plist; sourceTree = "<group>"; };
		A17E12E52BA3CAE9007760B7 /* KcalTests.xctest */ = {isa = PBXFileReference; explicitFileType = wrapper.cfbundle; includeInIndex = 0; path = KcalTests.xctest; sourceTree = BUILT_PRODUCTS_DIR; };
		A17E12E92BA3CAE9007760B7 /* KcalTests.swift */ = {isa = PBXFileReference; lastKnownFileType = sourcecode.swift; path = KcalTests.swift; sourceTree = "<group>"; };
		A17E12EF2BA3CAE9007760B7 /* KcalUITests.xctest */ = {isa = PBXFileReference; explicitFileType = wrapper.cfbundle; includeInIndex = 0; path = KcalUITests.xctest; sourceTree = BUILT_PRODUCTS_DIR; };
		A17E12F32BA3CAE9007760B7 /* KcalUITests.swift */ = {isa = PBXFileReference; lastKnownFileType = sourcecode.swift; path = KcalUITests.swift; sourceTree = "<group>"; };
		A17E12F52BA3CAE9007760B7 /* KcalUITestsLaunchTests.swift */ = {isa = PBXFileReference; lastKnownFileType = sourcecode.swift; path = KcalUITestsLaunchTests.swift; sourceTree = "<group>"; };
		A194452C2BA8B7D3004F7772 /* GettingStartedController.swift */ = {isa = PBXFileReference; lastKnownFileType = sourcecode.swift; path = GettingStartedController.swift; sourceTree = "<group>"; };
		A1AE93E62BA7B53A00ACC2BF /* PageItemViewController.swift */ = {isa = PBXFileReference; lastKnownFileType = sourcecode.swift; path = PageItemViewController.swift; sourceTree = "<group>"; };
		A1AE93E82BA7B61C00ACC2BF /* PageContent.swift */ = {isa = PBXFileReference; lastKnownFileType = sourcecode.swift; path = PageContent.swift; sourceTree = "<group>"; };
		A1BF5EF72BAA122F003BE05A /* SignUpController.swift */ = {isa = PBXFileReference; lastKnownFileType = sourcecode.swift; path = SignUpController.swift; sourceTree = "<group>"; };
		A1BF5EFB2BAA5278003BE05A /* WelcomeScreen.xib */ = {isa = PBXFileReference; lastKnownFileType = file.xib; path = WelcomeScreen.xib; sourceTree = "<group>"; };
		A1DDD7742BA8F34A0036BE26 /* PaddedTextField.swift */ = {isa = PBXFileReference; lastKnownFileType = sourcecode.swift; path = PaddedTextField.swift; sourceTree = "<group>"; };
		A1DEC5032BA65F2D0059FDA7 /* Signika-SemiBold.ttf */ = {isa = PBXFileReference; lastKnownFileType = file; path = "Signika-SemiBold.ttf"; sourceTree = "<group>"; };
		A1DEC5042BA65F2D0059FDA7 /* Signika-Bold.ttf */ = {isa = PBXFileReference; lastKnownFileType = file; path = "Signika-Bold.ttf"; sourceTree = "<group>"; };
		A1DEC5052BA65F2D0059FDA7 /* Signika-Regular.ttf */ = {isa = PBXFileReference; lastKnownFileType = file; path = "Signika-Regular.ttf"; sourceTree = "<group>"; };
		A1DEC5062BA65F2D0059FDA7 /* Signika-Medium.ttf */ = {isa = PBXFileReference; lastKnownFileType = file; path = "Signika-Medium.ttf"; sourceTree = "<group>"; };
		A1DEC5072BA65F2E0059FDA7 /* Signika-Light.ttf */ = {isa = PBXFileReference; lastKnownFileType = file; path = "Signika-Light.ttf"; sourceTree = "<group>"; };
		A1DEC50E2BA65FED0059FDA7 /* Signika-VariableFont_GRAD,wght.ttf */ = {isa = PBXFileReference; lastKnownFileType = file; path = "Signika-VariableFont_GRAD,wght.ttf"; sourceTree = "<group>"; };
		A1FF116B2BA67EF0009EF5C4 /* Constant.swift */ = {isa = PBXFileReference; lastKnownFileType = sourcecode.swift; path = Constant.swift; sourceTree = "<group>"; };
/* End PBXFileReference section */

/* Begin PBXFrameworksBuildPhase section */
		A17E12C92BA3CAE4007760B7 /* Frameworks */ = {
			isa = PBXFrameworksBuildPhase;
			buildActionMask = 2147483647;
			files = (
			);
			runOnlyForDeploymentPostprocessing = 0;
		};
		A17E12E22BA3CAE9007760B7 /* Frameworks */ = {
			isa = PBXFrameworksBuildPhase;
			buildActionMask = 2147483647;
			files = (
			);
			runOnlyForDeploymentPostprocessing = 0;
		};
		A17E12EC2BA3CAE9007760B7 /* Frameworks */ = {
			isa = PBXFrameworksBuildPhase;
			buildActionMask = 2147483647;
			files = (
			);
			runOnlyForDeploymentPostprocessing = 0;
		};
/* End PBXFrameworksBuildPhase section */

/* Begin PBXGroup section */
		A17E12C32BA3CAE4007760B7 = {
			isa = PBXGroup;
			children = (
				A17E12CE2BA3CAE4007760B7 /* Kcal */,
				A17E12E82BA3CAE9007760B7 /* KcalTests */,
				A17E12F22BA3CAE9007760B7 /* KcalUITests */,
				A17E12CD2BA3CAE4007760B7 /* Products */,
			);
			sourceTree = "<group>";
		};
		A17E12CD2BA3CAE4007760B7 /* Products */ = {
			isa = PBXGroup;
			children = (
				A17E12CC2BA3CAE4007760B7 /* Kcal.app */,
				A17E12E52BA3CAE9007760B7 /* KcalTests.xctest */,
				A17E12EF2BA3CAE9007760B7 /* KcalUITests.xctest */,
			);
			name = Products;
			sourceTree = "<group>";
		};
		A17E12CE2BA3CAE4007760B7 /* Kcal */ = {
			isa = PBXGroup;
			children = (
				A1DEC50D2BA65F8B0059FDA7 /* Fonts */,
				A17E12CF2BA3CAE4007760B7 /* AppDelegate.swift */,
				A17E12D12BA3CAE4007760B7 /* SceneDelegate.swift */,
				A1DEC4FD2BA65DB00059FDA7 /* Controller */,
				A1DEC4FE2BA65DBE0059FDA7 /* View */,
				A1FF116D2BA67EF8009EF5C4 /* Model */,
				A17E12DB2BA3CAE8007760B7 /* Assets.xcassets */,
				A17E12DD2BA3CAE8007760B7 /* LaunchScreen.storyboard */,
				A17E12E02BA3CAE8007760B7 /* Info.plist */,
				A17E12D82BA3CAE4007760B7 /* Kcal.xcdatamodeld */,
			);
			path = Kcal;
			sourceTree = "<group>";
		};
		A17E12E82BA3CAE9007760B7 /* KcalTests */ = {
			isa = PBXGroup;
			children = (
				A17E12E92BA3CAE9007760B7 /* KcalTests.swift */,
			);
			path = KcalTests;
			sourceTree = "<group>";
		};
		A17E12F22BA3CAE9007760B7 /* KcalUITests */ = {
			isa = PBXGroup;
			children = (
				A17E12F32BA3CAE9007760B7 /* KcalUITests.swift */,
				A17E12F52BA3CAE9007760B7 /* KcalUITestsLaunchTests.swift */,
			);
			path = KcalUITests;
			sourceTree = "<group>";
		};
		A1DEC4FD2BA65DB00059FDA7 /* Controller */ = {
			isa = PBXGroup;
			children = (
				A17E12D32BA3CAE4007760B7 /* CustomPageViewController.swift */,
				A1AE93E62BA7B53A00ACC2BF /* PageItemViewController.swift */,
				A194452C2BA8B7D3004F7772 /* GettingStartedController.swift */,
				A1BF5EF72BAA122F003BE05A /* SignUpController.swift */,
				A14F74422BAB59CE00B629B4 /* LogInController.swift */,
				A14F74462BAB87BF00B629B4 /* CustomCollectionViewCell.swift */,
				A14F74482BAB882A00B629B4 /* HomePageController.swift */,
				A14F744C2BAB9B8300B629B4 /* ArticlesItemsController.swift */,
				A14F74502BABA15F00B629B4 /* ArticlesPageViewController.swift */,
			);
			path = Controller;
			sourceTree = "<group>";
		};
		A1DEC4FE2BA65DBE0059FDA7 /* View */ = {
			isa = PBXGroup;
			children = (
				A14F744D2BAB9B8300B629B4 /* ArticlesItemsController.xib */,
				A17E12D52BA3CAE4007760B7 /* Main.storyboard */,
				A176207A2BA8DA3400A3A177 /* RoundedSquare.xib */,
				A1BF5EFB2BAA5278003BE05A /* WelcomeScreen.xib */,
			);
			path = View;
			sourceTree = "<group>";
		};
		A1DEC50D2BA65F8B0059FDA7 /* Fonts */ = {
			isa = PBXGroup;
			children = (
				A1DEC5042BA65F2D0059FDA7 /* Signika-Bold.ttf */,
				A1DEC5072BA65F2E0059FDA7 /* Signika-Light.ttf */,
				A1DEC50E2BA65FED0059FDA7 /* Signika-VariableFont_GRAD,wght.ttf */,
				A1DEC5062BA65F2D0059FDA7 /* Signika-Medium.ttf */,
				A1DEC5052BA65F2D0059FDA7 /* Signika-Regular.ttf */,
				A1DEC5032BA65F2D0059FDA7 /* Signika-SemiBold.ttf */,
			);
			path = Fonts;
			sourceTree = "<group>";
		};
		A1FF116D2BA67EF8009EF5C4 /* Model */ = {
			isa = PBXGroup;
			children = (
				A1FF116B2BA67EF0009EF5C4 /* Constant.swift */,
				A1AE93E82BA7B61C00ACC2BF /* PageContent.swift */,
				A1DDD7742BA8F34A0036BE26 /* PaddedTextField.swift */,
			);
			path = Model;
			sourceTree = "<group>";
		};
/* End PBXGroup section */

/* Begin PBXNativeTarget section */
		A17E12CB2BA3CAE4007760B7 /* Kcal */ = {
			isa = PBXNativeTarget;
			buildConfigurationList = A17E12F92BA3CAE9007760B7 /* Build configuration list for PBXNativeTarget "Kcal" */;
			buildPhases = (
				A17E12C82BA3CAE4007760B7 /* Sources */,
				A17E12C92BA3CAE4007760B7 /* Frameworks */,
				A17E12CA2BA3CAE4007760B7 /* Resources */,
			);
			buildRules = (
			);
			dependencies = (
			);
			name = Kcal;
			productName = Kcal;
			productReference = A17E12CC2BA3CAE4007760B7 /* Kcal.app */;
			productType = "com.apple.product-type.application";
		};
		A17E12E42BA3CAE9007760B7 /* KcalTests */ = {
			isa = PBXNativeTarget;
			buildConfigurationList = A17E12FC2BA3CAE9007760B7 /* Build configuration list for PBXNativeTarget "KcalTests" */;
			buildPhases = (
				A17E12E12BA3CAE9007760B7 /* Sources */,
				A17E12E22BA3CAE9007760B7 /* Frameworks */,
				A17E12E32BA3CAE9007760B7 /* Resources */,
			);
			buildRules = (
			);
			dependencies = (
				A17E12E72BA3CAE9007760B7 /* PBXTargetDependency */,
			);
			name = KcalTests;
			productName = KcalTests;
			productReference = A17E12E52BA3CAE9007760B7 /* KcalTests.xctest */;
			productType = "com.apple.product-type.bundle.unit-test";
		};
		A17E12EE2BA3CAE9007760B7 /* KcalUITests */ = {
			isa = PBXNativeTarget;
			buildConfigurationList = A17E12FF2BA3CAE9007760B7 /* Build configuration list for PBXNativeTarget "KcalUITests" */;
			buildPhases = (
				A17E12EB2BA3CAE9007760B7 /* Sources */,
				A17E12EC2BA3CAE9007760B7 /* Frameworks */,
				A17E12ED2BA3CAE9007760B7 /* Resources */,
			);
			buildRules = (
			);
			dependencies = (
				A17E12F12BA3CAE9007760B7 /* PBXTargetDependency */,
			);
			name = KcalUITests;
			productName = KcalUITests;
			productReference = A17E12EF2BA3CAE9007760B7 /* KcalUITests.xctest */;
			productType = "com.apple.product-type.bundle.ui-testing";
		};
/* End PBXNativeTarget section */

/* Begin PBXProject section */
		A17E12C42BA3CAE4007760B7 /* Project object */ = {
			isa = PBXProject;
			attributes = {
				BuildIndependentTargetsInParallel = 1;
				LastSwiftUpdateCheck = 1530;
				LastUpgradeCheck = 1530;
				TargetAttributes = {
					A17E12CB2BA3CAE4007760B7 = {
						CreatedOnToolsVersion = 15.3;
					};
					A17E12E42BA3CAE9007760B7 = {
						CreatedOnToolsVersion = 15.3;
						TestTargetID = A17E12CB2BA3CAE4007760B7;
					};
					A17E12EE2BA3CAE9007760B7 = {
						CreatedOnToolsVersion = 15.3;
						TestTargetID = A17E12CB2BA3CAE4007760B7;
					};
				};
			};
			buildConfigurationList = A17E12C72BA3CAE4007760B7 /* Build configuration list for PBXProject "Kcal" */;
			compatibilityVersion = "Xcode 14.0";
			developmentRegion = en;
			hasScannedForEncodings = 0;
			knownRegions = (
				en,
				Base,
			);
			mainGroup = A17E12C32BA3CAE4007760B7;
			productRefGroup = A17E12CD2BA3CAE4007760B7 /* Products */;
			projectDirPath = "";
			projectRoot = "";
			targets = (
				A17E12CB2BA3CAE4007760B7 /* Kcal */,
				A17E12E42BA3CAE9007760B7 /* KcalTests */,
				A17E12EE2BA3CAE9007760B7 /* KcalUITests */,
			);
		};
/* End PBXProject section */

/* Begin PBXResourcesBuildPhase section */
		A17E12CA2BA3CAE4007760B7 /* Resources */ = {
			isa = PBXResourcesBuildPhase;
			buildActionMask = 2147483647;
			files = (
				A1DEC50C2BA65F2E0059FDA7 /* Signika-Light.ttf in Resources */,
				A14F744F2BAB9B8300B629B4 /* ArticlesItemsController.xib in Resources */,
				A17E12DC2BA3CAE8007760B7 /* Assets.xcassets in Resources */,
				A176207B2BA8DA3400A3A177 /* RoundedSquare.xib in Resources */,
				A1DEC50B2BA65F2E0059FDA7 /* Signika-Medium.ttf in Resources */,
				A17E12DF2BA3CAE8007760B7 /* Base in Resources */,
				A1DEC5082BA65F2E0059FDA7 /* Signika-SemiBold.ttf in Resources */,
				A1DEC5092BA65F2E0059FDA7 /* Signika-Bold.ttf in Resources */,
				A1BF5EFC2BAA5278003BE05A /* WelcomeScreen.xib in Resources */,
				A1DEC50A2BA65F2E0059FDA7 /* Signika-Regular.ttf in Resources */,
				A1DEC50F2BA65FED0059FDA7 /* Signika-VariableFont_GRAD,wght.ttf in Resources */,
				A17E12D72BA3CAE4007760B7 /* Base in Resources */,
			);
			runOnlyForDeploymentPostprocessing = 0;
		};
		A17E12E32BA3CAE9007760B7 /* Resources */ = {
			isa = PBXResourcesBuildPhase;
			buildActionMask = 2147483647;
			files = (
			);
			runOnlyForDeploymentPostprocessing = 0;
		};
		A17E12ED2BA3CAE9007760B7 /* Resources */ = {
			isa = PBXResourcesBuildPhase;
			buildActionMask = 2147483647;
			files = (
			);
			runOnlyForDeploymentPostprocessing = 0;
		};
/* End PBXResourcesBuildPhase section */

/* Begin PBXSourcesBuildPhase section */
		A17E12C82BA3CAE4007760B7 /* Sources */ = {
			isa = PBXSourcesBuildPhase;
			buildActionMask = 2147483647;
			files = (
				A1AE93E72BA7B53A00ACC2BF /* PageItemViewController.swift in Sources */,
				A1DDD7752BA8F34A0036BE26 /* PaddedTextField.swift in Sources */,
				A1AE93E92BA7B61C00ACC2BF /* PageContent.swift in Sources */,
				A14F74472BAB87BF00B629B4 /* CustomCollectionViewCell.swift in Sources */,
				A17E12DA2BA3CAE4007760B7 /* Kcal.xcdatamodeld in Sources */,
				A14F744E2BAB9B8300B629B4 /* ArticlesItemsController.swift in Sources */,
				A14F74512BABA15F00B629B4 /* ArticlesPageViewController.swift in Sources */,
				A17E12D42BA3CAE4007760B7 /* CustomPageViewController.swift in Sources */,
				A1BF5EF82BAA122F003BE05A /* SignUpController.swift in Sources */,
				A194452D2BA8B7D3004F7772 /* GettingStartedController.swift in Sources */,
				A14F74492BAB882A00B629B4 /* HomePageController.swift in Sources */,
				A1FF116C2BA67EF0009EF5C4 /* Constant.swift in Sources */,
				A17E12D02BA3CAE4007760B7 /* AppDelegate.swift in Sources */,
				A14F74432BAB59CE00B629B4 /* LogInController.swift in Sources */,
				A17E12D22BA3CAE4007760B7 /* SceneDelegate.swift in Sources */,
			);
			runOnlyForDeploymentPostprocessing = 0;
		};
		A17E12E12BA3CAE9007760B7 /* Sources */ = {
			isa = PBXSourcesBuildPhase;
			buildActionMask = 2147483647;
			files = (
				A17E12EA2BA3CAE9007760B7 /* KcalTests.swift in Sources */,
			);
			runOnlyForDeploymentPostprocessing = 0;
		};
		A17E12EB2BA3CAE9007760B7 /* Sources */ = {
			isa = PBXSourcesBuildPhase;
			buildActionMask = 2147483647;
			files = (
				A17E12F42BA3CAE9007760B7 /* KcalUITests.swift in Sources */,
				A17E12F62BA3CAE9007760B7 /* KcalUITestsLaunchTests.swift in Sources */,
			);
			runOnlyForDeploymentPostprocessing = 0;
		};
/* End PBXSourcesBuildPhase section */

/* Begin PBXTargetDependency section */
		A17E12E72BA3CAE9007760B7 /* PBXTargetDependency */ = {
			isa = PBXTargetDependency;
			target = A17E12CB2BA3CAE4007760B7 /* Kcal */;
			targetProxy = A17E12E62BA3CAE9007760B7 /* PBXContainerItemProxy */;
		};
		A17E12F12BA3CAE9007760B7 /* PBXTargetDependency */ = {
			isa = PBXTargetDependency;
			target = A17E12CB2BA3CAE4007760B7 /* Kcal */;
			targetProxy = A17E12F02BA3CAE9007760B7 /* PBXContainerItemProxy */;
		};
/* End PBXTargetDependency section */

/* Begin PBXVariantGroup section */
		A17E12D52BA3CAE4007760B7 /* Main.storyboard */ = {
			isa = PBXVariantGroup;
			children = (
				A17E12D62BA3CAE4007760B7 /* Base */,
			);
			name = Main.storyboard;
			sourceTree = "<group>";
		};
		A17E12DD2BA3CAE8007760B7 /* LaunchScreen.storyboard */ = {
			isa = PBXVariantGroup;
			children = (
				A17E12DE2BA3CAE8007760B7 /* Base */,
			);
			name = LaunchScreen.storyboard;
			sourceTree = "<group>";
		};
/* End PBXVariantGroup section */

/* Begin XCBuildConfiguration section */
		A17E12F72BA3CAE9007760B7 /* Debug */ = {
			isa = XCBuildConfiguration;
			buildSettings = {
				ALWAYS_SEARCH_USER_PATHS = NO;
				ASSETCATALOG_COMPILER_GENERATE_SWIFT_ASSET_SYMBOL_EXTENSIONS = YES;
				CLANG_ANALYZER_NONNULL = YES;
				CLANG_ANALYZER_NUMBER_OBJECT_CONVERSION = YES_AGGRESSIVE;
				CLANG_CXX_LANGUAGE_STANDARD = "gnu++20";
				CLANG_ENABLE_MODULES = YES;
				CLANG_ENABLE_OBJC_ARC = YES;
				CLANG_ENABLE_OBJC_WEAK = YES;
				CLANG_WARN_BLOCK_CAPTURE_AUTORELEASING = YES;
				CLANG_WARN_BOOL_CONVERSION = YES;
				CLANG_WARN_COMMA = YES;
				CLANG_WARN_CONSTANT_CONVERSION = YES;
				CLANG_WARN_DEPRECATED_OBJC_IMPLEMENTATIONS = YES;
				CLANG_WARN_DIRECT_OBJC_ISA_USAGE = YES_ERROR;
				CLANG_WARN_DOCUMENTATION_COMMENTS = YES;
				CLANG_WARN_EMPTY_BODY = YES;
				CLANG_WARN_ENUM_CONVERSION = YES;
				CLANG_WARN_INFINITE_RECURSION = YES;
				CLANG_WARN_INT_CONVERSION = YES;
				CLANG_WARN_NON_LITERAL_NULL_CONVERSION = YES;
				CLANG_WARN_OBJC_IMPLICIT_RETAIN_SELF = YES;
				CLANG_WARN_OBJC_LITERAL_CONVERSION = YES;
				CLANG_WARN_OBJC_ROOT_CLASS = YES_ERROR;
				CLANG_WARN_QUOTED_INCLUDE_IN_FRAMEWORK_HEADER = YES;
				CLANG_WARN_RANGE_LOOP_ANALYSIS = YES;
				CLANG_WARN_STRICT_PROTOTYPES = YES;
				CLANG_WARN_SUSPICIOUS_MOVE = YES;
				CLANG_WARN_UNGUARDED_AVAILABILITY = YES_AGGRESSIVE;
				CLANG_WARN_UNREACHABLE_CODE = YES;
				CLANG_WARN__DUPLICATE_METHOD_MATCH = YES;
				COPY_PHASE_STRIP = NO;
				DEBUG_INFORMATION_FORMAT = dwarf;
				ENABLE_STRICT_OBJC_MSGSEND = YES;
				ENABLE_TESTABILITY = YES;
				ENABLE_USER_SCRIPT_SANDBOXING = YES;
				GCC_C_LANGUAGE_STANDARD = gnu17;
				GCC_DYNAMIC_NO_PIC = NO;
				GCC_NO_COMMON_BLOCKS = YES;
				GCC_OPTIMIZATION_LEVEL = 0;
				GCC_PREPROCESSOR_DEFINITIONS = (
					"DEBUG=1",
					"$(inherited)",
				);
				GCC_WARN_64_TO_32_BIT_CONVERSION = YES;
				GCC_WARN_ABOUT_RETURN_TYPE = YES_ERROR;
				GCC_WARN_UNDECLARED_SELECTOR = YES;
				GCC_WARN_UNINITIALIZED_AUTOS = YES_AGGRESSIVE;
				GCC_WARN_UNUSED_FUNCTION = YES;
				GCC_WARN_UNUSED_VARIABLE = YES;
				IPHONEOS_DEPLOYMENT_TARGET = 17.4;
				LOCALIZATION_PREFERS_STRING_CATALOGS = YES;
				MTL_ENABLE_DEBUG_INFO = INCLUDE_SOURCE;
				MTL_FAST_MATH = YES;
				ONLY_ACTIVE_ARCH = YES;
				SDKROOT = iphoneos;
				SWIFT_ACTIVE_COMPILATION_CONDITIONS = "DEBUG $(inherited)";
				SWIFT_OPTIMIZATION_LEVEL = "-Onone";
			};
			name = Debug;
		};
		A17E12F82BA3CAE9007760B7 /* Release */ = {
			isa = XCBuildConfiguration;
			buildSettings = {
				ALWAYS_SEARCH_USER_PATHS = NO;
				ASSETCATALOG_COMPILER_GENERATE_SWIFT_ASSET_SYMBOL_EXTENSIONS = YES;
				CLANG_ANALYZER_NONNULL = YES;
				CLANG_ANALYZER_NUMBER_OBJECT_CONVERSION = YES_AGGRESSIVE;
				CLANG_CXX_LANGUAGE_STANDARD = "gnu++20";
				CLANG_ENABLE_MODULES = YES;
				CLANG_ENABLE_OBJC_ARC = YES;
				CLANG_ENABLE_OBJC_WEAK = YES;
				CLANG_WARN_BLOCK_CAPTURE_AUTORELEASING = YES;
				CLANG_WARN_BOOL_CONVERSION = YES;
				CLANG_WARN_COMMA = YES;
				CLANG_WARN_CONSTANT_CONVERSION = YES;
				CLANG_WARN_DEPRECATED_OBJC_IMPLEMENTATIONS = YES;
				CLANG_WARN_DIRECT_OBJC_ISA_USAGE = YES_ERROR;
				CLANG_WARN_DOCUMENTATION_COMMENTS = YES;
				CLANG_WARN_EMPTY_BODY = YES;
				CLANG_WARN_ENUM_CONVERSION = YES;
				CLANG_WARN_INFINITE_RECURSION = YES;
				CLANG_WARN_INT_CONVERSION = YES;
				CLANG_WARN_NON_LITERAL_NULL_CONVERSION = YES;
				CLANG_WARN_OBJC_IMPLICIT_RETAIN_SELF = YES;
				CLANG_WARN_OBJC_LITERAL_CONVERSION = YES;
				CLANG_WARN_OBJC_ROOT_CLASS = YES_ERROR;
				CLANG_WARN_QUOTED_INCLUDE_IN_FRAMEWORK_HEADER = YES;
				CLANG_WARN_RANGE_LOOP_ANALYSIS = YES;
				CLANG_WARN_STRICT_PROTOTYPES = YES;
				CLANG_WARN_SUSPICIOUS_MOVE = YES;
				CLANG_WARN_UNGUARDED_AVAILABILITY = YES_AGGRESSIVE;
				CLANG_WARN_UNREACHABLE_CODE = YES;
				CLANG_WARN__DUPLICATE_METHOD_MATCH = YES;
				COPY_PHASE_STRIP = NO;
				DEBUG_INFORMATION_FORMAT = "dwarf-with-dsym";
				ENABLE_NS_ASSERTIONS = NO;
				ENABLE_STRICT_OBJC_MSGSEND = YES;
				ENABLE_USER_SCRIPT_SANDBOXING = YES;
				GCC_C_LANGUAGE_STANDARD = gnu17;
				GCC_NO_COMMON_BLOCKS = YES;
				GCC_WARN_64_TO_32_BIT_CONVERSION = YES;
				GCC_WARN_ABOUT_RETURN_TYPE = YES_ERROR;
				GCC_WARN_UNDECLARED_SELECTOR = YES;
				GCC_WARN_UNINITIALIZED_AUTOS = YES_AGGRESSIVE;
				GCC_WARN_UNUSED_FUNCTION = YES;
				GCC_WARN_UNUSED_VARIABLE = YES;
				IPHONEOS_DEPLOYMENT_TARGET = 17.4;
				LOCALIZATION_PREFERS_STRING_CATALOGS = YES;
				MTL_ENABLE_DEBUG_INFO = NO;
				MTL_FAST_MATH = YES;
				SDKROOT = iphoneos;
				SWIFT_COMPILATION_MODE = wholemodule;
				VALIDATE_PRODUCT = YES;
			};
			name = Release;
		};
		A17E12FA2BA3CAE9007760B7 /* Debug */ = {
			isa = XCBuildConfiguration;
			buildSettings = {
				ASSETCATALOG_COMPILER_APPICON_NAME = AppIcon;
				ASSETCATALOG_COMPILER_GLOBAL_ACCENT_COLOR_NAME = AccentColor;
				CODE_SIGN_STYLE = Automatic;
				CURRENT_PROJECT_VERSION = 1;
				DEVELOPMENT_TEAM = RPYN77J96Y;
				GENERATE_INFOPLIST_FILE = YES;
				INFOPLIST_FILE = Kcal/Info.plist;
				INFOPLIST_KEY_UIApplicationSupportsIndirectInputEvents = YES;
				INFOPLIST_KEY_UILaunchStoryboardName = LaunchScreen;
				INFOPLIST_KEY_UIMainStoryboardFile = Main;
				INFOPLIST_KEY_UISupportedInterfaceOrientations_iPad = "UIInterfaceOrientationPortrait UIInterfaceOrientationPortraitUpsideDown UIInterfaceOrientationLandscapeLeft UIInterfaceOrientationLandscapeRight";
				INFOPLIST_KEY_UISupportedInterfaceOrientations_iPhone = "UIInterfaceOrientationPortrait UIInterfaceOrientationLandscapeLeft UIInterfaceOrientationLandscapeRight";
				LD_RUNPATH_SEARCH_PATHS = (
					"$(inherited)",
					"@executable_path/Frameworks",
				);
				MARKETING_VERSION = 1.0;
				PRODUCT_BUNDLE_IDENTIFIER = DanaDeve.Kcal;
				PRODUCT_NAME = "$(TARGET_NAME)";
				SWIFT_EMIT_LOC_STRINGS = YES;
				SWIFT_VERSION = 5.0;
				TARGETED_DEVICE_FAMILY = "1,2";
			};
			name = Debug;
		};
		A17E12FB2BA3CAE9007760B7 /* Release */ = {
			isa = XCBuildConfiguration;
			buildSettings = {
				ASSETCATALOG_COMPILER_APPICON_NAME = AppIcon;
				ASSETCATALOG_COMPILER_GLOBAL_ACCENT_COLOR_NAME = AccentColor;
				CODE_SIGN_STYLE = Automatic;
				CURRENT_PROJECT_VERSION = 1;
				DEVELOPMENT_TEAM = RPYN77J96Y;
				GENERATE_INFOPLIST_FILE = YES;
				INFOPLIST_FILE = Kcal/Info.plist;
				INFOPLIST_KEY_UIApplicationSupportsIndirectInputEvents = YES;
				INFOPLIST_KEY_UILaunchStoryboardName = LaunchScreen;
				INFOPLIST_KEY_UIMainStoryboardFile = Main;
				INFOPLIST_KEY_UISupportedInterfaceOrientations_iPad = "UIInterfaceOrientationPortrait UIInterfaceOrientationPortraitUpsideDown UIInterfaceOrientationLandscapeLeft UIInterfaceOrientationLandscapeRight";
				INFOPLIST_KEY_UISupportedInterfaceOrientations_iPhone = "UIInterfaceOrientationPortrait UIInterfaceOrientationLandscapeLeft UIInterfaceOrientationLandscapeRight";
				LD_RUNPATH_SEARCH_PATHS = (
					"$(inherited)",
					"@executable_path/Frameworks",
				);
				MARKETING_VERSION = 1.0;
				PRODUCT_BUNDLE_IDENTIFIER = DanaDeve.Kcal;
				PRODUCT_NAME = "$(TARGET_NAME)";
				SWIFT_EMIT_LOC_STRINGS = YES;
				SWIFT_VERSION = 5.0;
				TARGETED_DEVICE_FAMILY = "1,2";
			};
			name = Release;
		};
		A17E12FD2BA3CAE9007760B7 /* Debug */ = {
			isa = XCBuildConfiguration;
			buildSettings = {
				ALWAYS_EMBED_SWIFT_STANDARD_LIBRARIES = YES;
				BUNDLE_LOADER = "$(TEST_HOST)";
				CODE_SIGN_STYLE = Automatic;
				CURRENT_PROJECT_VERSION = 1;
				DEVELOPMENT_TEAM = RPYN77J96Y;
				GENERATE_INFOPLIST_FILE = YES;
				IPHONEOS_DEPLOYMENT_TARGET = 17.4;
				MARKETING_VERSION = 1.0;
				PRODUCT_BUNDLE_IDENTIFIER = DanaDeve.KcalTests;
				PRODUCT_NAME = "$(TARGET_NAME)";
				SWIFT_EMIT_LOC_STRINGS = NO;
				SWIFT_VERSION = 5.0;
				TARGETED_DEVICE_FAMILY = "1,2";
				TEST_HOST = "$(BUILT_PRODUCTS_DIR)/Kcal.app/$(BUNDLE_EXECUTABLE_FOLDER_PATH)/Kcal";
			};
			name = Debug;
		};
		A17E12FE2BA3CAE9007760B7 /* Release */ = {
			isa = XCBuildConfiguration;
			buildSettings = {
				ALWAYS_EMBED_SWIFT_STANDARD_LIBRARIES = YES;
				BUNDLE_LOADER = "$(TEST_HOST)";
				CODE_SIGN_STYLE = Automatic;
				CURRENT_PROJECT_VERSION = 1;
				DEVELOPMENT_TEAM = RPYN77J96Y;
				GENERATE_INFOPLIST_FILE = YES;
				IPHONEOS_DEPLOYMENT_TARGET = 17.4;
				MARKETING_VERSION = 1.0;
				PRODUCT_BUNDLE_IDENTIFIER = DanaDeve.KcalTests;
				PRODUCT_NAME = "$(TARGET_NAME)";
				SWIFT_EMIT_LOC_STRINGS = NO;
				SWIFT_VERSION = 5.0;
				TARGETED_DEVICE_FAMILY = "1,2";
				TEST_HOST = "$(BUILT_PRODUCTS_DIR)/Kcal.app/$(BUNDLE_EXECUTABLE_FOLDER_PATH)/Kcal";
			};
			name = Release;
		};
		A17E13002BA3CAE9007760B7 /* Debug */ = {
			isa = XCBuildConfiguration;
			buildSettings = {
				ALWAYS_EMBED_SWIFT_STANDARD_LIBRARIES = YES;
				CODE_SIGN_STYLE = Automatic;
				CURRENT_PROJECT_VERSION = 1;
				DEVELOPMENT_TEAM = RPYN77J96Y;
				GENERATE_INFOPLIST_FILE = YES;
				MARKETING_VERSION = 1.0;
				PRODUCT_BUNDLE_IDENTIFIER = DanaDeve.KcalUITests;
				PRODUCT_NAME = "$(TARGET_NAME)";
				SWIFT_EMIT_LOC_STRINGS = NO;
				SWIFT_VERSION = 5.0;
				TARGETED_DEVICE_FAMILY = "1,2";
				TEST_TARGET_NAME = Kcal;
			};
			name = Debug;
		};
		A17E13012BA3CAE9007760B7 /* Release */ = {
			isa = XCBuildConfiguration;
			buildSettings = {
				ALWAYS_EMBED_SWIFT_STANDARD_LIBRARIES = YES;
				CODE_SIGN_STYLE = Automatic;
				CURRENT_PROJECT_VERSION = 1;
				DEVELOPMENT_TEAM = RPYN77J96Y;
				GENERATE_INFOPLIST_FILE = YES;
				MARKETING_VERSION = 1.0;
				PRODUCT_BUNDLE_IDENTIFIER = DanaDeve.KcalUITests;
				PRODUCT_NAME = "$(TARGET_NAME)";
				SWIFT_EMIT_LOC_STRINGS = NO;
				SWIFT_VERSION = 5.0;
				TARGETED_DEVICE_FAMILY = "1,2";
				TEST_TARGET_NAME = Kcal;
			};
			name = Release;
		};
/* End XCBuildConfiguration section */

/* Begin XCConfigurationList section */
		A17E12C72BA3CAE4007760B7 /* Build configuration list for PBXProject "Kcal" */ = {
			isa = XCConfigurationList;
			buildConfigurations = (
				A17E12F72BA3CAE9007760B7 /* Debug */,
				A17E12F82BA3CAE9007760B7 /* Release */,
			);
			defaultConfigurationIsVisible = 0;
			defaultConfigurationName = Release;
		};
		A17E12F92BA3CAE9007760B7 /* Build configuration list for PBXNativeTarget "Kcal" */ = {
			isa = XCConfigurationList;
			buildConfigurations = (
				A17E12FA2BA3CAE9007760B7 /* Debug */,
				A17E12FB2BA3CAE9007760B7 /* Release */,
			);
			defaultConfigurationIsVisible = 0;
			defaultConfigurationName = Release;
		};
		A17E12FC2BA3CAE9007760B7 /* Build configuration list for PBXNativeTarget "KcalTests" */ = {
			isa = XCConfigurationList;
			buildConfigurations = (
				A17E12FD2BA3CAE9007760B7 /* Debug */,
				A17E12FE2BA3CAE9007760B7 /* Release */,
			);
			defaultConfigurationIsVisible = 0;
			defaultConfigurationName = Release;
		};
		A17E12FF2BA3CAE9007760B7 /* Build configuration list for PBXNativeTarget "KcalUITests" */ = {
			isa = XCConfigurationList;
			buildConfigurations = (
				A17E13002BA3CAE9007760B7 /* Debug */,
				A17E13012BA3CAE9007760B7 /* Release */,
			);
			defaultConfigurationIsVisible = 0;
			defaultConfigurationName = Release;
		};
/* End XCConfigurationList section */

/* Begin XCVersionGroup section */
		A17E12D82BA3CAE4007760B7 /* Kcal.xcdatamodeld */ = {
			isa = XCVersionGroup;
			children = (
				A17E12D92BA3CAE4007760B7 /* Kcal.xcdatamodel */,
			);
			currentVersion = A17E12D92BA3CAE4007760B7 /* Kcal.xcdatamodel */;
			path = Kcal.xcdatamodeld;
			sourceTree = "<group>";
			versionGroupType = wrapper.xcdatamodel;
		};
/* End XCVersionGroup section */
	};
	rootObject = A17E12C42BA3CAE4007760B7 /* Project object */;
}
